
Microsoft Visual Studio Solution File, Format Version 12.00
# Visual Studio Version 16
VisualStudioVersion = 16.0.31613.86
MinimumVisualStudioVersion = 10.0.40219.1
Project("{9A19103F-16F7-4668-BE54-9A1E7A4F7556}") = "PetShopForms", "PetShopForms\PetShopForms.csproj", "{C6B0C497-261E-453E-8705-241FB37672EB}"
EndProject
Project("{9A19103F-16F7-4668-BE54-9A1E7A4F7556}") = "Entidades", "Entidades\Entidades.csproj", "{55679773-375A-4DED-B6C4-0345ED5830E5}"
EndProject
Project("{2150E333-8FDC-42A3-9474-1A3956D46DE8}") = "Solution Items", "Solution Items", "{8582CE7D-C45D-41AD-891C-236CBD80D27E}"
	ProjectSection(SolutionItems) = preProject
		.editorconfig = .editorconfig
	EndProjectSection
EndProject
Global
	GlobalSection(SolutionConfigurationPlatforms) = preSolution
		Debug|Any CPU = Debug|Any CPU
		Release|Any CPU = Release|Any CPU
	EndGlobalSection
	GlobalSection(ProjectConfigurationPlatforms) = postSolution
		{C6B0C497-261E-453E-8705-241FB37672EB}.Debug|Any CPU.ActiveCfg = Debug|Any CPU
		{C6B0C497-261E-453E-8705-241FB37672EB}.Debug|Any CPU.Build.0 = Debug|Any CPU
		{C6B0C497-261E-453E-8705-241FB37672EB}.Release|Any CPU.ActiveCfg = Release|Any CPU
		{C6B0C497-261E-453E-8705-241FB37672EB}.Release|Any CPU.Build.0 = Release|Any CPU
		{55679773-375A-4DED-B6C4-0345ED5830E5}.Debug|Any CPU.ActiveCfg = Debug|Any CPU
		{55679773-375A-4DED-B6C4-0345ED5830E5}.Debug|Any CPU.Build.0 = Debug|Any CPU
		{55679773-375A-4DED-B6C4-0345ED5830E5}.Release|Any CPU.ActiveCfg = Release|Any CPU
		{55679773-375A-4DED-B6C4-0345ED5830E5}.Release|Any CPU.Build.0 = Release|Any CPU
	EndGlobalSection
	GlobalSection(SolutionProperties) = preSolution
		HideSolutionNode = FALSE
	EndGlobalSection
	GlobalSection(ExtensibilityGlobals) = postSolution
		SolutionGuid = {CFFF6786-5DCC-46B8-A042-A7426F343D2C}
	EndGlobalSection
EndGlobal
